
Microsoft Visual Studio Solution File, Format Version 12.00
# Visual Studio 14
VisualStudioVersion = 14.0.25123.0
MinimumVisualStudioVersion = 10.0.40219.1
Project("{FAE04EC0-301F-11D3-BF4B-00C04F79EFBC}") = "06Aminertask", "SetsAndDict\06Aminertask.csproj", "{6D512F73-EB03-4EDD-8266-03901F0B7816}"
EndProject
Project("{FAE04EC0-301F-11D3-BF4B-00C04F79EFBC}") = "07Fixemails", "07Fixemails\07Fixemails.csproj", "{AFB8E92D-0AB0-4D0E-85E6-DDAA80373C40}"
EndProject
Project("{FAE04EC0-301F-11D3-BF4B-00C04F79EFBC}") = "08Handsofcards", "08Handsofcards\08Handsofcards.csproj", "{E7906029-D348-4C3B-A7D3-1786009B7580}"
EndProject
Project("{FAE04EC0-301F-11D3-BF4B-00C04F79EFBC}") = "09UserLogs", "09UserLogs\09UserLogs.csproj", "{CB2F30A8-A380-436D-BE90-56A5BA2B41E7}"
EndProject
Project("{FAE04EC0-301F-11D3-BF4B-00C04F79EFBC}") = "10PopulationCounter", "10PopulationCounter\10PopulationCounter.csproj", "{69EC2A40-7E64-4B6B-9895-774611E29733}"
EndProject
Project("{FAE04EC0-301F-11D3-BF4B-00C04F79EFBC}") = "11LogsAggregator", "11LogsAggregator\11LogsAggregator.csproj", "{6A4ABADE-2B9C-4AFA-997F-569081466C6F}"
EndProject
Project("{FAE04EC0-301F-11D3-BF4B-00C04F79EFBC}") = "12LegendaryFarming", "12LegendaryFarming\12LegendaryFarming.csproj", "{04791C31-C1E5-483F-BAF1-E92E8A6D422C}"
EndProject
Project("{FAE04EC0-301F-11D3-BF4B-00C04F79EFBC}") = "13СръбскоUnleashed", "СръбскоUnleashed\13СръбскоUnleashed.csproj", "{E16D398F-853D-4337-8AB0-A060382D90FC}"
EndProject
Project("{FAE04EC0-301F-11D3-BF4B-00C04F79EFBC}") = "14DragonArmy", "14DragonArmy\14DragonArmy.csproj", "{54913F8F-18C5-4DC7-8AC1-40C06853FF71}"
EndProject
Project("{FAE04EC0-301F-11D3-BF4B-00C04F79EFBC}") = "15RubikMatrix", "15RubikMatrix\15RubikMatrix.csproj", "{E4744603-8832-48F5-A5A5-DAB5A52CE8F4}"
EndProject
Project("{FAE04EC0-301F-11D3-BF4B-00C04F79EFBC}") = "16TargetPractice", "16TargetPractice\16TargetPractice.csproj", "{78B2B8C1-2BD6-4C86-B2D7-5F0C0AF14B3E}"
EndProject
Project("{FAE04EC0-301F-11D3-BF4B-00C04F79EFBC}") = "17LegoBlocks", "17LegoBlocks\17LegoBlocks.csproj", "{E0A480A7-C1F8-42C6-AB46-948212520249}"
EndProject
Project("{FAE04EC0-301F-11D3-BF4B-00C04F79EFBC}") = "18RadioactiveBunnies", "18RadioactiveBunnies\18RadioactiveBunnies.csproj", "{7F923962-4399-456F-9EA1-EFE0CE79F1BE}"
EndProject
Project("{FAE04EC0-301F-11D3-BF4B-00C04F79EFBC}") = "19Crossfire", "19Crossfire\19Crossfire.csproj", "{2FDBC093-A961-4CC8-8689-42EA64C8E293}"
EndProject
Project("{FAE04EC0-301F-11D3-BF4B-00C04F79EFBC}") = "20TheHeiganDance", "20TheHeiganDance\20TheHeiganDance.csproj", "{6820330B-5500-42F0-825F-F1D19C42EFC7}"
EndProject
Global
	GlobalSection(SolutionConfigurationPlatforms) = preSolution
		Debug|Any CPU = Debug|Any CPU
		Release|Any CPU = Release|Any CPU
	EndGlobalSection
	GlobalSection(ProjectConfigurationPlatforms) = postSolution
		{6D512F73-EB03-4EDD-8266-03901F0B7816}.Debug|Any CPU.ActiveCfg = Debug|Any CPU
		{6D512F73-EB03-4EDD-8266-03901F0B7816}.Debug|Any CPU.Build.0 = Debug|Any CPU
		{6D512F73-EB03-4EDD-8266-03901F0B7816}.Release|Any CPU.ActiveCfg = Release|Any CPU
		{6D512F73-EB03-4EDD-8266-03901F0B7816}.Release|Any CPU.Build.0 = Release|Any CPU
		{AFB8E92D-0AB0-4D0E-85E6-DDAA80373C40}.Debug|Any CPU.ActiveCfg = Debug|Any CPU
		{AFB8E92D-0AB0-4D0E-85E6-DDAA80373C40}.Debug|Any CPU.Build.0 = Debug|Any CPU
		{AFB8E92D-0AB0-4D0E-85E6-DDAA80373C40}.Release|Any CPU.ActiveCfg = Release|Any CPU
		{AFB8E92D-0AB0-4D0E-85E6-DDAA80373C40}.Release|Any CPU.Build.0 = Release|Any CPU
		{E7906029-D348-4C3B-A7D3-1786009B7580}.Debug|Any CPU.ActiveCfg = Debug|Any CPU
		{E7906029-D348-4C3B-A7D3-1786009B7580}.Debug|Any CPU.Build.0 = Debug|Any CPU
		{E7906029-D348-4C3B-A7D3-1786009B7580}.Release|Any CPU.ActiveCfg = Release|Any CPU
		{E7906029-D348-4C3B-A7D3-1786009B7580}.Release|Any CPU.Build.0 = Release|Any CPU
		{CB2F30A8-A380-436D-BE90-56A5BA2B41E7}.Debug|Any CPU.ActiveCfg = Debug|Any CPU
		{CB2F30A8-A380-436D-BE90-56A5BA2B41E7}.Debug|Any CPU.Build.0 = Debug|Any CPU
		{CB2F30A8-A380-436D-BE90-56A5BA2B41E7}.Release|Any CPU.ActiveCfg = Release|Any CPU
		{CB2F30A8-A380-436D-BE90-56A5BA2B41E7}.Release|Any CPU.Build.0 = Release|Any CPU
		{69EC2A40-7E64-4B6B-9895-774611E29733}.Debug|Any CPU.ActiveCfg = Debug|Any CPU
		{69EC2A40-7E64-4B6B-9895-774611E29733}.Debug|Any CPU.Build.0 = Debug|Any CPU
		{69EC2A40-7E64-4B6B-9895-774611E29733}.Release|Any CPU.ActiveCfg = Release|Any CPU
		{69EC2A40-7E64-4B6B-9895-774611E29733}.Release|Any CPU.Build.0 = Release|Any CPU
		{6A4ABADE-2B9C-4AFA-997F-569081466C6F}.Debug|Any CPU.ActiveCfg = Debug|Any CPU
		{6A4ABADE-2B9C-4AFA-997F-569081466C6F}.Debug|Any CPU.Build.0 = Debug|Any CPU
		{6A4ABADE-2B9C-4AFA-997F-569081466C6F}.Release|Any CPU.ActiveCfg = Release|Any CPU
		{6A4ABADE-2B9C-4AFA-997F-569081466C6F}.Release|Any CPU.Build.0 = Release|Any CPU
		{04791C31-C1E5-483F-BAF1-E92E8A6D422C}.Debug|Any CPU.ActiveCfg = Debug|Any CPU
		{04791C31-C1E5-483F-BAF1-E92E8A6D422C}.Debug|Any CPU.Build.0 = Debug|Any CPU
		{04791C31-C1E5-483F-BAF1-E92E8A6D422C}.Release|Any CPU.ActiveCfg = Release|Any CPU
		{04791C31-C1E5-483F-BAF1-E92E8A6D422C}.Release|Any CPU.Build.0 = Release|Any CPU
		{E16D398F-853D-4337-8AB0-A060382D90FC}.Debug|Any CPU.ActiveCfg = Debug|Any CPU
		{E16D398F-853D-4337-8AB0-A060382D90FC}.Debug|Any CPU.Build.0 = Debug|Any CPU
		{E16D398F-853D-4337-8AB0-A060382D90FC}.Release|Any CPU.ActiveCfg = Release|Any CPU
		{E16D398F-853D-4337-8AB0-A060382D90FC}.Release|Any CPU.Build.0 = Release|Any CPU
		{54913F8F-18C5-4DC7-8AC1-40C06853FF71}.Debug|Any CPU.ActiveCfg = Debug|Any CPU
		{54913F8F-18C5-4DC7-8AC1-40C06853FF71}.Debug|Any CPU.Build.0 = Debug|Any CPU
		{54913F8F-18C5-4DC7-8AC1-40C06853FF71}.Release|Any CPU.ActiveCfg = Release|Any CPU
		{54913F8F-18C5-4DC7-8AC1-40C06853FF71}.Release|Any CPU.Build.0 = Release|Any CPU
		{E4744603-8832-48F5-A5A5-DAB5A52CE8F4}.Debug|Any CPU.ActiveCfg = Debug|Any CPU
		{E4744603-8832-48F5-A5A5-DAB5A52CE8F4}.Debug|Any CPU.Build.0 = Debug|Any CPU
		{E4744603-8832-48F5-A5A5-DAB5A52CE8F4}.Release|Any CPU.ActiveCfg = Release|Any CPU
		{E4744603-8832-48F5-A5A5-DAB5A52CE8F4}.Release|Any CPU.Build.0 = Release|Any CPU
		{78B2B8C1-2BD6-4C86-B2D7-5F0C0AF14B3E}.Debug|Any CPU.ActiveCfg = Debug|Any CPU
		{78B2B8C1-2BD6-4C86-B2D7-5F0C0AF14B3E}.Debug|Any CPU.Build.0 = Debug|Any CPU
		{78B2B8C1-2BD6-4C86-B2D7-5F0C0AF14B3E}.Release|Any CPU.ActiveCfg = Release|Any CPU
		{78B2B8C1-2BD6-4C86-B2D7-5F0C0AF14B3E}.Release|Any CPU.Build.0 = Release|Any CPU
		{E0A480A7-C1F8-42C6-AB46-948212520249}.Debug|Any CPU.ActiveCfg = Debug|Any CPU
		{E0A480A7-C1F8-42C6-AB46-948212520249}.Debug|Any CPU.Build.0 = Debug|Any CPU
		{E0A480A7-C1F8-42C6-AB46-948212520249}.Release|Any CPU.ActiveCfg = Release|Any CPU
		{E0A480A7-C1F8-42C6-AB46-948212520249}.Release|Any CPU.Build.0 = Release|Any CPU
		{7F923962-4399-456F-9EA1-EFE0CE79F1BE}.Debug|Any CPU.ActiveCfg = Debug|Any CPU
		{7F923962-4399-456F-9EA1-EFE0CE79F1BE}.Debug|Any CPU.Build.0 = Debug|Any CPU
		{7F923962-4399-456F-9EA1-EFE0CE79F1BE}.Release|Any CPU.ActiveCfg = Release|Any CPU
		{7F923962-4399-456F-9EA1-EFE0CE79F1BE}.Release|Any CPU.Build.0 = Release|Any CPU
		{2FDBC093-A961-4CC8-8689-42EA64C8E293}.Debug|Any CPU.ActiveCfg = Debug|Any CPU
		{2FDBC093-A961-4CC8-8689-42EA64C8E293}.Debug|Any CPU.Build.0 = Debug|Any CPU
		{2FDBC093-A961-4CC8-8689-42EA64C8E293}.Release|Any CPU.ActiveCfg = Release|Any CPU
		{2FDBC093-A961-4CC8-8689-42EA64C8E293}.Release|Any CPU.Build.0 = Release|Any CPU
		{6820330B-5500-42F0-825F-F1D19C42EFC7}.Debug|Any CPU.ActiveCfg = Debug|Any CPU
		{6820330B-5500-42F0-825F-F1D19C42EFC7}.Debug|Any CPU.Build.0 = Debug|Any CPU
		{6820330B-5500-42F0-825F-F1D19C42EFC7}.Release|Any CPU.ActiveCfg = Release|Any CPU
		{6820330B-5500-42F0-825F-F1D19C42EFC7}.Release|Any CPU.Build.0 = Release|Any CPU
	EndGlobalSection
	GlobalSection(SolutionProperties) = preSolution
		HideSolutionNode = FALSE
	EndGlobalSection
EndGlobal
